
Microsoft Visual Studio Solution File, Format Version 12.00
# Visual Studio Version 17
VisualStudioVersion = 17.0.31903.59
MinimumVisualStudioVersion = 10.0.40219.1
Project("{9A19103F-16F7-4668-BE54-9A1E7A4F7556}") = "CineSpectrum.API", "CineSpectrum.API\CineSpectrum.API.csproj", "{9021803E-3E13-4606-A399-EEBB62D3B7AF}"
EndProject
Project("{9A19103F-16F7-4668-BE54-9A1E7A4F7556}") = "CineSpectrum.Tests", "CineSpectrum.Test\CineSpectrum.Tests.csproj", "{78C05C9B-4E0F-411F-AB86-E2204B4A0885}"
EndProject
Global
	GlobalSection(SolutionConfigurationPlatforms) = preSolution
		Debug|Any CPU = Debug|Any CPU
		Release|Any CPU = Release|Any CPU
	EndGlobalSection
	GlobalSection(ProjectConfigurationPlatforms) = postSolution
		{9021803E-3E13-4606-A399-EEBB62D3B7AF}.Debug|Any CPU.ActiveCfg = Debug|Any CPU
		{9021803E-3E13-4606-A399-EEBB62D3B7AF}.Debug|Any CPU.Build.0 = Debug|Any CPU
		{9021803E-3E13-4606-A399-EEBB62D3B7AF}.Release|Any CPU.ActiveCfg = Release|Any CPU
		{9021803E-3E13-4606-A399-EEBB62D3B7AF}.Release|Any CPU.Build.0 = Release|Any CPU
		{78C05C9B-4E0F-411F-AB86-E2204B4A0885}.Debug|Any CPU.ActiveCfg = Debug|Any CPU
		{78C05C9B-4E0F-411F-AB86-E2204B4A0885}.Debug|Any CPU.Build.0 = Debug|Any CPU
		{78C05C9B-4E0F-411F-AB86-E2204B4A0885}.Release|Any CPU.ActiveCfg = Release|Any CPU
		{78C05C9B-4E0F-411F-AB86-E2204B4A0885}.Release|Any CPU.Build.0 = Release|Any CPU
	EndGlobalSection
	GlobalSection(SolutionProperties) = preSolution
		HideSolutionNode = FALSE
	EndGlobalSection
	GlobalSection(ExtensibilityGlobals) = postSolution
		SolutionGuid = {5D732926-553D-4C62-9ADB-7706F096A999}
	EndGlobalSection
EndGlobal
